Microsoft Visual Studio Solution File, Format Version 12.00
# Visual Studio Version 17
VisualStudioVersion = 17.5.2.0
MinimumVisualStudioVersion = 10.0.40219.1
Project("{FAE04EC0-301F-11D3-BF4B-00C04F79EFBC}") = "Ten10Tests", "Ten10Tests.csproj", "{AACBA7E7-0F84-C183-BE69-CC00A559035A}"
EndProject
Global
	GlobalSection(SolutionConfigurationPlatforms) = preSolution
		Debug|Any CPU = Debug|Any CPU
		Release|Any CPU = Release|Any CPU
	EndGlobalSection
	GlobalSection(ProjectConfigurationPlatforms) = postSolution
		{AACBA7E7-0F84-C183-BE69-CC00A559035A}.Debug|Any CPU.ActiveCfg = Debug|Any CPU
		{AACBA7E7-0F84-C183-BE69-CC00A559035A}.Debug|Any CPU.Build.0 = Debug|Any CPU
		{AACBA7E7-0F84-C183-BE69-CC00A559035A}.Release|Any CPU.ActiveCfg = Release|Any CPU
		{AACBA7E7-0F84-C183-BE69-CC00A559035A}.Release|Any CPU.Build.0 = Release|Any CPU
	EndGlobalSection
	GlobalSection(SolutionProperties) = preSolution
		HideSolutionNode = FALSE
	EndGlobalSection
	GlobalSection(ExtensibilityGlobals) = postSolution
		SolutionGuid = {6055DE92-F7F0-4330-8E2C-CDA536074A27}
	EndGlobalSection
EndGlobal
